
Microsoft Visual Studio Solution File, Format Version 11.00
# Visual Studio 2010
Project("{FAE04EC0-301F-11D3-BF4B-00C04F79EFBC}") = "Assembly-CSharp", "Assembly-CSharp.csproj", "{1E52F4C4-2B89-6C68-69D4-23DDEB52F2EE}"
EndProject
Project("{FAE04EC0-301F-11D3-BF4B-00C04F79EFBC}") = "Assembly-CSharp-Editor", "Assembly-CSharp-Editor.csproj", "{1E66B8E2-2510-08EE-1700-79B5E4BF72DE}"
EndProject
Global
	GlobalSection(SolutionConfigurationPlatforms) = preSolution
		Debug|Any CPU = Debug|Any CPU
		Release|Any CPU = Release|Any CPU
	EndGlobalSection
	GlobalSection(ProjectConfigurationPlatforms) = postSolution
		{1E52F4C4-2B89-6C68-69D4-23DDEB52F2EE}.Debug|Any CPU.ActiveCfg = Debug|Any CPU
		{1E52F4C4-2B89-6C68-69D4-23DDEB52F2EE}.Debug|Any CPU.Build.0 = Debug|Any CPU
		{1E52F4C4-2B89-6C68-69D4-23DDEB52F2EE}.Release|Any CPU.ActiveCfg = Release|Any CPU
		{1E52F4C4-2B89-6C68-69D4-23DDEB52F2EE}.Release|Any CPU.Build.0 = Release|Any CPU
		{1E66B8E2-2510-08EE-1700-79B5E4BF72DE}.Debug|Any CPU.ActiveCfg = Debug|Any CPU
		{1E66B8E2-2510-08EE-1700-79B5E4BF72DE}.Debug|Any CPU.Build.0 = Debug|Any CPU
		{1E66B8E2-2510-08EE-1700-79B5E4BF72DE}.Release|Any CPU.ActiveCfg = Release|Any CPU
		{1E66B8E2-2510-08EE-1700-79B5E4BF72DE}.Release|Any CPU.Build.0 = Release|Any CPU
	EndGlobalSection
	GlobalSection(SolutionProperties) = preSolution
		HideSolutionNode = FALSE
	EndGlobalSection
	GlobalSection(MonoDevelopProperties) = preSolution
		StartupItem = Assembly-CSharp.csproj
	EndGlobalSection
EndGlobal
